
Microsoft Visual Studio Solution File, Format Version 12.00
# Visual Studio Version 17
VisualStudioVersion = 17.6.33829.357
MinimumVisualStudioVersion = 10.0.40219.1
Project("{FAE04EC0-301F-11D3-BF4B-00C04F79EFBC}") = "StudentDatabase_Lab", "StudentDatabase_Lab.csproj", "{ED18C6B5-76B4-43BA-98C0-2A430F4133CD}"
EndProject
Global
	GlobalSection(SolutionConfigurationPlatforms) = preSolution
		Debug|Any CPU = Debug|Any CPU
		Release|Any CPU = Release|Any CPU
	EndGlobalSection
	GlobalSection(ProjectConfigurationPlatforms) = postSolution
		{ED18C6B5-76B4-43BA-98C0-2A430F4133CD}.Debug|Any CPU.ActiveCfg = Debug|Any CPU
		{ED18C6B5-76B4-43BA-98C0-2A430F4133CD}.Debug|Any CPU.Build.0 = Debug|Any CPU
		{ED18C6B5-76B4-43BA-98C0-2A430F4133CD}.Release|Any CPU.ActiveCfg = Release|Any CPU
		{ED18C6B5-76B4-43BA-98C0-2A430F4133CD}.Release|Any CPU.Build.0 = Release|Any CPU
	EndGlobalSection
	GlobalSection(SolutionProperties) = preSolution
		HideSolutionNode = FALSE
	EndGlobalSection
	GlobalSection(ExtensibilityGlobals) = postSolution
		SolutionGuid = {874B55DC-4F0B-48F4-8328-00A4DFF81C13}
	EndGlobalSection
EndGlobal
